{
  "name": "backend",
  "lockfileVersion": 3,
  "requires": true,
  "packages": {
    "": {
      "dependencies": {
        "sqlalchemy": "^10.1.1"
      }
    },
    "node_modules/sqlalchemy": {
      "version": "10.1.1",
      "resolved": "https://registry.npmjs.org/sqlalchemy/-/sqlalchemy-10.1.1.tgz",
      "integrity": "sha512-ZpS3it4Eb+5eofOvjGvHdAtkdNTwi3x5v+GYLmG9PV28WV8dG86SgfWpOg65GSTb9KT96TDiP5LUyo2wUUaGQQ==",
      "license": "ISC"
    }
  }
}
